
Microsoft Visual Studio Solution File, Format Version 12.00
# Visual Studio Version 17
VisualStudioVersion = 17.0.31919.166
MinimumVisualStudioVersion = 10.0.40219.1
Project("{FAE04EC0-301F-11D3-BF4B-00C04F79EFBC}") = "Homework1", "Homework1\Homework1.csproj", "{EA1F610B-B1CA-4B0E-B736-5CE112D594BC}"
EndProject
Global
	GlobalSection(SolutionConfigurationPlatforms) = preSolution
		Debug|Any CPU = Debug|Any CPU
		Release|Any CPU = Release|Any CPU
	EndGlobalSection
	GlobalSection(ProjectConfigurationPlatforms) = postSolution
		{EA1F610B-B1CA-4B0E-B736-5CE112D594BC}.Debug|Any CPU.ActiveCfg = Debug|Any CPU
		{EA1F610B-B1CA-4B0E-B736-5CE112D594BC}.Debug|Any CPU.Build.0 = Debug|Any CPU
		{EA1F610B-B1CA-4B0E-B736-5CE112D594BC}.Release|Any CPU.ActiveCfg = Release|Any CPU
		{EA1F610B-B1CA-4B0E-B736-5CE112D594BC}.Release|Any CPU.Build.0 = Release|Any CPU
	EndGlobalSection
	GlobalSection(SolutionProperties) = preSolution
		HideSolutionNode = FALSE
	EndGlobalSection
	GlobalSection(ExtensibilityGlobals) = postSolution
		SolutionGuid = {F41B82E9-4293-4A47-B1F2-03DDEA4DE367}
	EndGlobalSection
EndGlobal
